{
  "requires": true,
  "lockfileVersion": 1,
  "dependencies": {
    "echarts": {
      "version": "3.7.1",
      "resolved": "https://registry.npmjs.org/echarts/-/echarts-3.7.1.tgz",
      "integrity": "sha1-+tJdSxy7fsKPGw+okOmg2GBWstU=",
      "requires": {
        "zrender": "3.6.1"
      }
    },
    "zrender": {
      "version": "3.6.1",
      "resolved": "https://registry.npmjs.org/zrender/-/zrender-3.6.1.tgz",
      "integrity": "sha1-Ni6MTrbJcKjZfITaqNZfN5Ibgms="
    }
  }
}
